// !$*UTF8*$!
{
	archiveVersion = 1;
	classes = {
	};
	objectVersion = 56;
	objects = {

/* Begin PBXBuildFile section */
		6C79D1732C9C0FAC00C6222E /* AppDelegate.swift in Sources */ = {isa = PBXBuildFile; fileRef = 6C79D1722C9C0FAC00C6222E /* AppDelegate.swift */; };
		6C79D1752C9C0FAC00C6222E /* SceneDelegate.swift in Sources */ = {isa = PBXBuildFile; fileRef = 6C79D1742C9C0FAC00C6222E /* SceneDelegate.swift */; };
		6C79D1772C9C0FAC00C6222E /* ViewController.swift in Sources */ = {isa = PBXBuildFile; fileRef = 6C79D1762C9C0FAC00C6222E /* ViewController.swift */; };
		6C79D17A2C9C0FAC00C6222E /* Base in Resources */ = {isa = PBXBuildFile; fileRef = 6C79D1792C9C0FAC00C6222E /* Base */; };
		6C79D17C2C9C0FAD00C6222E /* Assets.xcassets in Resources */ = {isa = PBXBuildFile; fileRef = 6C79D17B2C9C0FAD00C6222E /* Assets.xcassets */; };
		6C79D17F2C9C0FAD00C6222E /* Base in Resources */ = {isa = PBXBuildFile; fileRef = 6C79D17E2C9C0FAD00C6222E /* Base */; };
		6C79D1892C9C1EA300C6222E /* GoogleService-Info.plist in Resources */ = {isa = PBXBuildFile; fileRef = 6C79D1882C9C1EA300C6222E /* GoogleService-Info.plist */; };
		D2CDF5E891B95BF39EE2A56B /* Pods_DinderApp.framework in Frameworks */ = {isa = PBXBuildFile; fileRef = 34B400E5B6F276E7C225905E /* Pods_DinderApp.framework */; };
/* End PBXBuildFile section */

/* Begin PBXFileReference section */
		34B400E5B6F276E7C225905E /* Pods_DinderApp.framework */ = {isa = PBXFileReference; explicitFileType = wrapper.framework; includeInIndex = 0; path = Pods_DinderApp.framework; sourceTree = BUILT_PRODUCTS_DIR; };
		6C79D16F2C9C0FAC00C6222E /* DinderApp.app */ = {isa = PBXFileReference; explicitFileType = wrapper.application; includeInIndex = 0; path = DinderApp.app; sourceTree = BUILT_PRODUCTS_DIR; };
		6C79D1722C9C0FAC00C6222E /* AppDelegate.swift */ = {isa = PBXFileReference; lastKnownFileType = sourcecode.swift; path = AppDelegate.swift; sourceTree = "<group>"; };
		6C79D1742C9C0FAC00C6222E /* SceneDelegate.swift */ = {isa = PBXFileReference; lastKnownFileType = sourcecode.swift; path = SceneDelegate.swift; sourceTree = "<group>"; };
		6C79D1762C9C0FAC00C6222E /* ViewController.swift */ = {isa = PBXFileReference; lastKnownFileType = sourcecode.swift; path = ViewController.swift; sourceTree = "<group>"; };
		6C79D1792C9C0FAC00C6222E /* Base */ = {isa = PBXFileReference; lastKnownFileType = file.storyboard; name = Base; path = Base.lproj/Main.storyboard; sourceTree = "<group>"; };
		6C79D17B2C9C0FAD00C6222E /* Assets.xcassets */ = {isa = PBXFileReference; lastKnownFileType = folder.assetcatalog; path = Assets.xcassets; sourceTree = "<group>"; };
		6C79D17E2C9C0FAD00C6222E /* Base */ = {isa = PBXFileReference; lastKnownFileType = file.storyboard; name = Base; path = Base.lproj/LaunchScreen.storyboard; sourceTree = "<group>"; };
		6C79D1802C9C0FAD00C6222E /* Info.plist */ = {isa = PBXFileReference; lastKnownFileType = text.plist.xml; path = Info.plist; sourceTree = "<group>"; };
		6C79D1882C9C1EA300C6222E /* GoogleService-Info.plist */ = {isa = PBXFileReference; fileEncoding = 4; lastKnownFileType = text.plist.xml; path = "GoogleService-Info.plist"; sourceTree = "<group>"; };
		9857FCA136F8F8AEBA8BE84E /* Pods-DinderApp.debug.xcconfig */ = {isa = PBXFileReference; includeInIndex = 1; lastKnownFileType = text.xcconfig; name = "Pods-DinderApp.debug.xcconfig"; path = "Target Support Files/Pods-DinderApp/Pods-DinderApp.debug.xcconfig"; sourceTree = "<group>"; };
		E3F6B8472670B9FE809E3A39 /* Pods-DinderApp.release.xcconfig */ = {isa = PBXFileReference; includeInIndex = 1; lastKnownFileType = text.xcconfig; name = "Pods-DinderApp.release.xcconfig"; path = "Target Support Files/Pods-DinderApp/Pods-DinderApp.release.xcconfig"; sourceTree = "<group>"; };
/* End PBXFileReference section */

/* Begin PBXFrameworksBuildPhase section */
		6C79D16C2C9C0FAC00C6222E /* Frameworks */ = {
			isa = PBXFrameworksBuildPhase;
			buildActionMask = 2147483647;
			files = (
				D2CDF5E891B95BF39EE2A56B /* Pods_DinderApp.framework in Frameworks */,
			);
			runOnlyForDeploymentPostprocessing = 0;
		};
/* End PBXFrameworksBuildPhase section */

/* Begin PBXGroup section */
		6C79D1662C9C0FAC00C6222E = {
			isa = PBXGroup;
			children = (
				6C79D1712C9C0FAC00C6222E /* DinderApp */,
				6C79D1702C9C0FAC00C6222E /* Products */,
				EED73B012D64663B59701C11 /* Pods */,
				C7575C4584224C3481721DFF /* Frameworks */,
			);
			sourceTree = "<group>";
		};
		6C79D1702C9C0FAC00C6222E /* Products */ = {
			isa = PBXGroup;
			children = (
				6C79D16F2C9C0FAC00C6222E /* DinderApp.app */,
			);
			name = Products;
			sourceTree = "<group>";
		};
		6C79D1712C9C0FAC00C6222E /* DinderApp */ = {
			isa = PBXGroup;
			children = (
				6C79D1722C9C0FAC00C6222E /* AppDelegate.swift */,
				6C79D1742C9C0FAC00C6222E /* SceneDelegate.swift */,
				6C79D1762C9C0FAC00C6222E /* ViewController.swift */,
				6C79D1782C9C0FAC00C6222E /* Main.storyboard */,
				6C79D17B2C9C0FAD00C6222E /* Assets.xcassets */,
				6C79D17D2C9C0FAD00C6222E /* LaunchScreen.storyboard */,
				6C79D1802C9C0FAD00C6222E /* Info.plist */,
				6C79D1882C9C1EA300C6222E /* GoogleService-Info.plist */,
			);
			path = DinderApp;
			sourceTree = "<group>";
		};
		C7575C4584224C3481721DFF /* Frameworks */ = {
			isa = PBXGroup;
			children = (
				34B400E5B6F276E7C225905E /* Pods_DinderApp.framework */,
			);
			name = Frameworks;
			sourceTree = "<group>";
		};
		EED73B012D64663B59701C11 /* Pods */ = {
			isa = PBXGroup;
			children = (
				9857FCA136F8F8AEBA8BE84E /* Pods-DinderApp.debug.xcconfig */,
				E3F6B8472670B9FE809E3A39 /* Pods-DinderApp.release.xcconfig */,
			);
			name = Pods;
			path = Pods;
			sourceTree = "<group>";
		};
/* End PBXGroup section */

/* Begin PBXNativeTarget section */
		6C79D16E2C9C0FAC00C6222E /* DinderApp */ = {
			isa = PBXNativeTarget;
			buildConfigurationList = 6C79D1832C9C0FAD00C6222E /* Build configuration list for PBXNativeTarget "DinderApp" */;
			buildPhases = (
				198E3551C0706DF39A551AC6 /* [CP] Check Pods Manifest.lock */,
				6C79D16B2C9C0FAC00C6222E /* Sources */,
				6C79D16C2C9C0FAC00C6222E /* Frameworks */,
				6C79D16D2C9C0FAC00C6222E /* Resources */,
				3590DFD8DEF695943E38A658 /* [CP] Embed Pods Frameworks */,
			);
			buildRules = (
			);
			dependencies = (
			);
			name = DinderApp;
			productName = DinderApp;
			productReference = 6C79D16F2C9C0FAC00C6222E /* DinderApp.app */;
			productType = "com.apple.product-type.application";
		};
/* End PBXNativeTarget section */

/* Begin PBXProject section */
		6C79D1672C9C0FAC00C6222E /* Project object */ = {
			isa = PBXProject;
			attributes = {
				BuildIndependentTargetsInParallel = 1;
				LastSwiftUpdateCheck = 1540;
				LastUpgradeCheck = 1540;
				TargetAttributes = {
					6C79D16E2C9C0FAC00C6222E = {
						CreatedOnToolsVersion = 15.4;
					};
				};
			};
			buildConfigurationList = 6C79D16A2C9C0FAC00C6222E /* Build configuration list for PBXProject "DinderApp" */;
			compatibilityVersion = "Xcode 14.0";
			developmentRegion = en;
			hasScannedForEncodings = 0;
			knownRegions = (
				en,
				Base,
			);
			mainGroup = 6C79D1662C9C0FAC00C6222E;
			productRefGroup = 6C79D1702C9C0FAC00C6222E /* Products */;
			projectDirPath = "";
			projectRoot = "";
			targets = (
				6C79D16E2C9C0FAC00C6222E /* DinderApp */,
			);
		};
/* End PBXProject section */

/* Begin PBXResourcesBuildPhase section */
		6C79D16D2C9C0FAC00C6222E /* Resources */ = {
			isa = PBXResourcesBuildPhase;
			buildActionMask = 2147483647;
			files = (
				6C79D17C2C9C0FAD00C6222E /* Assets.xcassets in Resources */,
				6C79D1892C9C1EA300C6222E /* GoogleService-Info.plist in Resources */,
				6C79D17F2C9C0FAD00C6222E /* Base in Resources */,
				6C79D17A2C9C0FAC00C6222E /* Base in Resources */,
			);
			runOnlyForDeploymentPostprocessing = 0;
		};
/* End PBXResourcesBuildPhase section */

/* Begin PBXShellScriptBuildPhase section */
		198E3551C0706DF39A551AC6 /* [CP] Check Pods Manifest.lock */ = {
			isa = PBXShellScriptBuildPhase;
			buildActionMask = 2147483647;
			files = (
			);
			inputFileListPaths = (
			);
			inputPaths = (
				"${PODS_PODFILE_DIR_PATH}/Podfile.lock",
				"${PODS_ROOT}/Manifest.lock",
			);
			name = "[CP] Check Pods Manifest.lock";
			outputFileListPaths = (
			);
			outputPaths = (
				"$(DERIVED_FILE_DIR)/Pods-DinderApp-checkManifestLockResult.txt",
			);
			runOnlyForDeploymentPostprocessing = 0;
			shellPath = /bin/sh;
			shellScript = "diff \"${PODS_PODFILE_DIR_PATH}/Podfile.lock\" \"${PODS_ROOT}/Manifest.lock\" > /dev/null\nif [ $? != 0 ] ; then\n    # print error to STDERR\n    echo \"error: The sandbox is not in sync with the Podfile.lock. Run 'pod install' or update your CocoaPods installation.\" >&2\n    exit 1\nfi\n# This output is used by Xcode 'outputs' to avoid re-running this script phase.\necho \"SUCCESS\" > \"${SCRIPT_OUTPUT_FILE_0}\"\n";
			showEnvVarsInLog = 0;
		};
		3590DFD8DEF695943E38A658 /* [CP] Embed Pods Frameworks */ = {
			isa = PBXShellScriptBuildPhase;
			buildActionMask = 2147483647;
			files = (
			);
			inputFileListPaths = (
				"${PODS_ROOT}/Target Support Files/Pods-DinderApp/Pods-DinderApp-frameworks-${CONFIGURATION}-input-files.xcfilelist",
			);
			name = "[CP] Embed Pods Frameworks";
			outputFileListPaths = (
				"${PODS_ROOT}/Target Support Files/Pods-DinderApp/Pods-DinderApp-frameworks-${CONFIGURATION}-output-files.xcfilelist",
			);
			runOnlyForDeploymentPostprocessing = 0;
			shellPath = /bin/sh;
			shellScript = "\"${PODS_ROOT}/Target Support Files/Pods-DinderApp/Pods-DinderApp-frameworks.sh\"\n";
			showEnvVarsInLog = 0;
		};
/* End PBXShellScriptBuildPhase section */

/* Begin PBXSourcesBuildPhase section */
		6C79D16B2C9C0FAC00C6222E /* Sources */ = {
			isa = PBXSourcesBuildPhase;
			buildActionMask = 2147483647;
			files = (
				6C79D1772C9C0FAC00C6222E /* ViewController.swift in Sources */,
				6C79D1732C9C0FAC00C6222E /* AppDelegate.swift in Sources */,
				6C79D1752C9C0FAC00C6222E /* SceneDelegate.swift in Sources */,
			);
			runOnlyForDeploymentPostprocessing = 0;
		};
/* End PBXSourcesBuildPhase section */

/* Begin PBXVariantGroup section */
		6C79D1782C9C0FAC00C6222E /* Main.storyboard */ = {
			isa = PBXVariantGroup;
			children = (
				6C79D1792C9C0FAC00C6222E /* Base */,
			);
			name = Main.storyboard;
			sourceTree = "<group>";
		};
		6C79D17D2C9C0FAD00C6222E /* LaunchScreen.storyboard */ = {
			isa = PBXVariantGroup;
			children = (
				6C79D17E2C9C0FAD00C6222E /* Base */,
			);
			name = LaunchScreen.storyboard;
			sourceTree = "<group>";
		};
/* End PBXVariantGroup section */

/* Begin XCBuildConfiguration section */
		6C79D1812C9C0FAD00C6222E /* Debug */ = {
			isa = XCBuildConfiguration;
			buildSettings = {
				ALWAYS_SEARCH_USER_PATHS = NO;
				ASSETCATALOG_COMPILER_GENERATE_SWIFT_ASSET_SYMBOL_EXTENSIONS = YES;
				CLANG_ANALYZER_NONNULL = YES;
				CLANG_ANALYZER_NUMBER_OBJECT_CONVERSION = YES_AGGRESSIVE;
				CLANG_CXX_LANGUAGE_STANDARD = "gnu++20";
				CLANG_ENABLE_MODULES = YES;
				CLANG_ENABLE_OBJC_ARC = YES;
				CLANG_ENABLE_OBJC_WEAK = YES;
				CLANG_WARN_BLOCK_CAPTURE_AUTORELEASING = YES;
				CLANG_WARN_BOOL_CONVERSION = YES;
				CLANG_WARN_COMMA = YES;
				CLANG_WARN_CONSTANT_CONVERSION = YES;
				CLANG_WARN_DEPRECATED_OBJC_IMPLEMENTATIONS = YES;
				CLANG_WARN_DIRECT_OBJC_ISA_USAGE = YES_ERROR;
				CLANG_WARN_DOCUMENTATION_COMMENTS = YES;
				CLANG_WARN_EMPTY_BODY = YES;
				CLANG_WARN_ENUM_CONVERSION = YES;
				CLANG_WARN_INFINITE_RECURSION = YES;
				CLANG_WARN_INT_CONVERSION = YES;
				CLANG_WARN_NON_LITERAL_NULL_CONVERSION = YES;
				CLANG_WARN_OBJC_IMPLICIT_RETAIN_SELF = YES;
				CLANG_WARN_OBJC_LITERAL_CONVERSION = YES;
				CLANG_WARN_OBJC_ROOT_CLASS = YES_ERROR;
				CLANG_WARN_QUOTED_INCLUDE_IN_FRAMEWORK_HEADER = YES;
				CLANG_WARN_RANGE_LOOP_ANALYSIS = YES;
				CLANG_WARN_STRICT_PROTOTYPES = YES;
				CLANG_WARN_SUSPICIOUS_MOVE = YES;
				CLANG_WARN_UNGUARDED_AVAILABILITY = YES_AGGRESSIVE;
				CLANG_WARN_UNREACHABLE_CODE = YES;
				CLANG_WARN__DUPLICATE_METHOD_MATCH = YES;
				COPY_PHASE_STRIP = NO;
				DEBUG_INFORMATION_FORMAT = dwarf;
				ENABLE_STRICT_OBJC_MSGSEND = YES;
				ENABLE_TESTABILITY = YES;
				ENABLE_USER_SCRIPT_SANDBOXING = YES;
				GCC_C_LANGUAGE_STANDARD = gnu17;
				GCC_DYNAMIC_NO_PIC = NO;
				GCC_NO_COMMON_BLOCKS = YES;
				GCC_OPTIMIZATION_LEVEL = 0;
				GCC_PREPROCESSOR_DEFINITIONS = (
					"DEBUG=1",
					"$(inherited)",
				);
				GCC_WARN_64_TO_32_BIT_CONVERSION = YES;
				GCC_WARN_ABOUT_RETURN_TYPE = YES_ERROR;
				GCC_WARN_UNDECLARED_SELECTOR = YES;
				GCC_WARN_UNINITIALIZED_AUTOS = YES_AGGRESSIVE;
				GCC_WARN_UNUSED_FUNCTION = YES;
				GCC_WARN_UNUSED_VARIABLE = YES;
				IPHONEOS_DEPLOYMENT_TARGET = 17.5;
				LOCALIZATION_PREFERS_STRING_CATALOGS = YES;
				MTL_ENABLE_DEBUG_INFO = INCLUDE_SOURCE;
				MTL_FAST_MATH = YES;
				ONLY_ACTIVE_ARCH = YES;
				SDKROOT = iphoneos;
				SWIFT_ACTIVE_COMPILATION_CONDITIONS = "DEBUG $(inherited)";
				SWIFT_OPTIMIZATION_LEVEL = "-Onone";
			};
			name = Debug;
		};
		6C79D1822C9C0FAD00C6222E /* Release */ = {
			isa = XCBuildConfiguration;
			buildSettings = {
				ALWAYS_SEARCH_USER_PATHS = NO;
				ASSETCATALOG_COMPILER_GENERATE_SWIFT_ASSET_SYMBOL_EXTENSIONS = YES;
				CLANG_ANALYZER_NONNULL = YES;
				CLANG_ANALYZER_NUMBER_OBJECT_CONVERSION = YES_AGGRESSIVE;
				CLANG_CXX_LANGUAGE_STANDARD = "gnu++20";
				CLANG_ENABLE_MODULES = YES;
				CLANG_ENABLE_OBJC_ARC = YES;
				CLANG_ENABLE_OBJC_WEAK = YES;
				CLANG_WARN_BLOCK_CAPTURE_AUTORELEASING = YES;
				CLANG_WARN_BOOL_CONVERSION = YES;
				CLANG_WARN_COMMA = YES;
				CLANG_WARN_CONSTANT_CONVERSION = YES;
				CLANG_WARN_DEPRECATED_OBJC_IMPLEMENTATIONS = YES;
				CLANG_WARN_DIRECT_OBJC_ISA_USAGE = YES_ERROR;
				CLANG_WARN_DOCUMENTATION_COMMENTS = YES;
				CLANG_WARN_EMPTY_BODY = YES;
				CLANG_WARN_ENUM_CONVERSION = YES;
				CLANG_WARN_INFINITE_RECURSION = YES;
				CLANG_WARN_INT_CONVERSION = YES;
				CLANG_WARN_NON_LITERAL_NULL_CONVERSION = YES;
				CLANG_WARN_OBJC_IMPLICIT_RETAIN_SELF = YES;
				CLANG_WARN_OBJC_LITERAL_CONVERSION = YES;
				CLANG_WARN_OBJC_ROOT_CLASS = YES_ERROR;
				CLANG_WARN_QUOTED_INCLUDE_IN_FRAMEWORK_HEADER = YES;
				CLANG_WARN_RANGE_LOOP_ANALYSIS = YES;
				CLANG_WARN_STRICT_PROTOTYPES = YES;
				CLANG_WARN_SUSPICIOUS_MOVE = YES;
				CLANG_WARN_UNGUARDED_AVAILABILITY = YES_AGGRESSIVE;
				CLANG_WARN_UNREACHABLE_CODE = YES;
				CLANG_WARN__DUPLICATE_METHOD_MATCH = YES;
				COPY_PHASE_STRIP = NO;
				DEBUG_INFORMATION_FORMAT = "dwarf-with-dsym";
				ENABLE_NS_ASSERTIONS = NO;
				ENABLE_STRICT_OBJC_MSGSEND = YES;
				ENABLE_USER_SCRIPT_SANDBOXING = YES;
				GCC_C_LANGUAGE_STANDARD = gnu17;
				GCC_NO_COMMON_BLOCKS = YES;
				GCC_WARN_64_TO_32_BIT_CONVERSION = YES;
				GCC_WARN_ABOUT_RETURN_TYPE = YES_ERROR;
				GCC_WARN_UNDECLARED_SELECTOR = YES;
				GCC_WARN_UNINITIALIZED_AUTOS = YES_AGGRESSIVE;
				GCC_WARN_UNUSED_FUNCTION = YES;
				GCC_WARN_UNUSED_VARIABLE = YES;
				IPHONEOS_DEPLOYMENT_TARGET = 17.5;
				LOCALIZATION_PREFERS_STRING_CATALOGS = YES;
				MTL_ENABLE_DEBUG_INFO = NO;
				MTL_FAST_MATH = YES;
				SDKROOT = iphoneos;
				SWIFT_COMPILATION_MODE = wholemodule;
				VALIDATE_PRODUCT = YES;
			};
			name = Release;
		};
		6C79D1842C9C0FAD00C6222E /* Debug */ = {
			isa = XCBuildConfiguration;
			baseConfigurationReference = 9857FCA136F8F8AEBA8BE84E /* Pods-DinderApp.debug.xcconfig */;
			buildSettings = {
				ASSETCATALOG_COMPILER_APPICON_NAME = AppIcon;
				ASSETCATALOG_COMPILER_GLOBAL_ACCENT_COLOR_NAME = AccentColor;
				CODE_SIGN_STYLE = Automatic;
				CURRENT_PROJECT_VERSION = 1;
				GENERATE_INFOPLIST_FILE = YES;
				INFOPLIST_FILE = DinderApp/Info.plist;
				INFOPLIST_KEY_CFBundleDisplayName = Dinder;
				INFOPLIST_KEY_UIApplicationSupportsIndirectInputEvents = YES;
				INFOPLIST_KEY_UILaunchStoryboardName = LaunchScreen;
				INFOPLIST_KEY_UIMainStoryboardFile = Main;
				INFOPLIST_KEY_UISupportedInterfaceOrientations_iPad = "UIInterfaceOrientationPortrait UIInterfaceOrientationPortraitUpsideDown UIInterfaceOrientationLandscapeLeft UIInterfaceOrientationLandscapeRight";
				INFOPLIST_KEY_UISupportedInterfaceOrientations_iPhone = "UIInterfaceOrientationPortrait UIInterfaceOrientationLandscapeLeft UIInterfaceOrientationLandscapeRight";
				LD_RUNPATH_SEARCH_PATHS = (
					"$(inherited)",
					"@executable_path/Frameworks",
				);
				MARKETING_VERSION = 1.0;
				PRODUCT_BUNDLE_IDENTIFIER = ferregsal.DinderApp;
				PRODUCT_NAME = "$(TARGET_NAME)";
				SWIFT_EMIT_LOC_STRINGS = YES;
				SWIFT_VERSION = 5.0;
				TARGETED_DEVICE_FAMILY = "1,2";
			};
			name = Debug;
		};
		6C79D1852C9C0FAD00C6222E /* Release */ = {
			isa = XCBuildConfiguration;
			baseConfigurationReference = E3F6B8472670B9FE809E3A39 /* Pods-DinderApp.release.xcconfig */;
			buildSettings = {
				ASSETCATALOG_COMPILER_APPICON_NAME = AppIcon;
				ASSETCATALOG_COMPILER_GLOBAL_ACCENT_COLOR_NAME = AccentColor;
				CODE_SIGN_STYLE = Automatic;
				CURRENT_PROJECT_VERSION = 1;
				GENERATE_INFOPLIST_FILE = YES;
				INFOPLIST_FILE = DinderApp/Info.plist;
				INFOPLIST_KEY_CFBundleDisplayName = Dinder;
				INFOPLIST_KEY_UIApplicationSupportsIndirectInputEvents = YES;
				INFOPLIST_KEY_UILaunchStoryboardName = LaunchScreen;
				INFOPLIST_KEY_UIMainStoryboardFile = Main;
				INFOPLIST_KEY_UISupportedInterfaceOrientations_iPad = "UIInterfaceOrientationPortrait UIInterfaceOrientationPortraitUpsideDown UIInterfaceOrientationLandscapeLeft UIInterfaceOrientationLandscapeRight";
				INFOPLIST_KEY_UISupportedInterfaceOrientations_iPhone = "UIInterfaceOrientationPortrait UIInterfaceOrientationLandscapeLeft UIInterfaceOrientationLandscapeRight";
				LD_RUNPATH_SEARCH_PATHS = (
					"$(inherited)",
					"@executable_path/Frameworks",
				);
				MARKETING_VERSION = 1.0;
				PRODUCT_BUNDLE_IDENTIFIER = ferregsal.DinderApp;
				PRODUCT_NAME = "$(TARGET_NAME)";
				SWIFT_EMIT_LOC_STRINGS = YES;
				SWIFT_VERSION = 5.0;
				TARGETED_DEVICE_FAMILY = "1,2";
			};
			name = Release;
		};
/* End XCBuildConfiguration section */

/* Begin XCConfigurationList section */
		6C79D16A2C9C0FAC00C6222E /* Build configuration list for PBXProject "DinderApp" */ = {
			isa = XCConfigurationList;
			buildConfigurations = (
				6C79D1812C9C0FAD00C6222E /* Debug */,
				6C79D1822C9C0FAD00C6222E /* Release */,
			);
			defaultConfigurationIsVisible = 0;
			defaultConfigurationName = Release;
		};
		6C79D1832C9C0FAD00C6222E /* Build configuration list for PBXNativeTarget "DinderApp" */ = {
			isa = XCConfigurationList;
			buildConfigurations = (
				6C79D1842C9C0FAD00C6222E /* Debug */,
				6C79D1852C9C0FAD00C6222E /* Release */,
			);
			defaultConfigurationIsVisible = 0;
			defaultConfigurationName = Release;
		};
/* End XCConfigurationList section */
	};
	rootObject = 6C79D1672C9C0FAC00C6222E /* Project object */;
}
